// !$*UTF8*$!
{
	archiveVersion = 1;
	classes = {
	};
	objectVersion = 46;
	objects = {

/* Begin PBXBuildFile section */
		45E7E6E06CFFD863CF63C72B /* Pods.framework in Frameworks */ = {isa = PBXBuildFile; fileRef = 79E05A75AF88931542A4AEBF /* Pods.framework */; };
		71519CAD1C25570A006C9658 /* Github_swivl.xcdatamodeld in Sources */ = {isa = PBXBuildFile; fileRef = 71519CAB1C25570A006C9658 /* Github_swivl.xcdatamodeld */; };
		71519CB01C255711006C9658 /* MainViewController.swift in Sources */ = {isa = PBXBuildFile; fileRef = 71519CAF1C255711006C9658 /* MainViewController.swift */; };
		71519CB31C25573D006C9658 /* Assets.xcassets in Resources */ = {isa = PBXBuildFile; fileRef = 71519CB21C25573D006C9658 /* Assets.xcassets */; };
		71747E351C255D5100C816AD /* User+CoreDataProperties.swift in Sources */ = {isa = PBXBuildFile; fileRef = 71747E331C255D5100C816AD /* User+CoreDataProperties.swift */; };
		71747E361C255D5100C816AD /* User.swift in Sources */ = {isa = PBXBuildFile; fileRef = 71747E341C255D5100C816AD /* User.swift */; };
		71747E3A1C2569E500C816AD /* UserTableViewCell.swift in Sources */ = {isa = PBXBuildFile; fileRef = 71747E391C2569E500C816AD /* UserTableViewCell.swift */; };
		71747E3F1C256CB400C816AD /* Loader.swift in Sources */ = {isa = PBXBuildFile; fileRef = 71747E3E1C256CB400C816AD /* Loader.swift */; };
		71747E431C25710500C816AD /* RequestManager.swift in Sources */ = {isa = PBXBuildFile; fileRef = 71747E421C25710500C816AD /* RequestManager.swift */; };
		71810BF61C1F45AF00271DDC /* AppDelegate.swift in Sources */ = {isa = PBXBuildFile; fileRef = 71810BF51C1F45AF00271DDC /* AppDelegate.swift */; };
		71810BFB1C1F45AF00271DDC /* Main.storyboard in Resources */ = {isa = PBXBuildFile; fileRef = 71810BF91C1F45AF00271DDC /* Main.storyboard */; };
		71810C031C1F45AF00271DDC /* LaunchScreen.storyboard in Resources */ = {isa = PBXBuildFile; fileRef = 71810C011C1F45AF00271DDC /* LaunchScreen.storyboard */; };
		71810C0E1C1F45AF00271DDC /* Github_swivlTests.swift in Sources */ = {isa = PBXBuildFile; fileRef = 71810C0D1C1F45AF00271DDC /* Github_swivlTests.swift */; };
		71C7E4281C258E5600C97B9C /* GithubRouter.swift in Sources */ = {isa = PBXBuildFile; fileRef = 71C7E4271C258E5600C97B9C /* GithubRouter.swift */; };
		71C7E42A1C258EFF00C97B9C /* GithubDefinitions.swift in Sources */ = {isa = PBXBuildFile; fileRef = 71C7E4291C258EFF00C97B9C /* GithubDefinitions.swift */; };
		71C7E4341C25DF0E00C97B9C /* FRCFactory.swift in Sources */ = {isa = PBXBuildFile; fileRef = 71C7E4331C25DF0E00C97B9C /* FRCFactory.swift */; };
		71C7E4361C25E16800C97B9C /* DataSourceFactory.swift in Sources */ = {isa = PBXBuildFile; fileRef = 71C7E4351C25E16800C97B9C /* DataSourceFactory.swift */; };
		71C7E4391C25E62900C97B9C /* FRCDataSource.swift in Sources */ = {isa = PBXBuildFile; fileRef = 71C7E4381C25E62900C97B9C /* FRCDataSource.swift */; };
		71C7E43B1C25F30A00C97B9C /* PhotoViewController.swift in Sources */ = {isa = PBXBuildFile; fileRef = 71C7E43A1C25F30A00C97B9C /* PhotoViewController.swift */; };
/* End PBXBuildFile section */

/* Begin PBXContainerItemProxy section */
		71810C0A1C1F45AF00271DDC /* PBXContainerItemProxy */ = {
			isa = PBXContainerItemProxy;
			containerPortal = 71810BEA1C1F45AE00271DDC /* Project object */;
			proxyType = 1;
			remoteGlobalIDString = 71810BF11C1F45AE00271DDC;
			remoteInfo = "Github-swivl";
		};
/* End PBXContainerItemProxy section */

/* Begin PBXFileReference section */
		67BD92FFA8EFE3874DEAE18A /* Pods.debug.xcconfig */ = {isa = PBXFileReference; includeInIndex = 1; lastKnownFileType = text.xcconfig; name = Pods.debug.xcconfig; path = "Pods/Target Support Files/Pods/Pods.debug.xcconfig"; sourceTree = "<group>"; };
		71519CAC1C25570A006C9658 /* Github_swivl.xcdatamodel */ = {isa = PBXFileReference; lastKnownFileType = wrapper.xcdatamodel; path = Github_swivl.xcdatamodel; sourceTree = "<group>"; };
		71519CAF1C255711006C9658 /* MainViewController.swift */ = {isa = PBXFileReference; fileEncoding = 4; lastKnownFileType = sourcecode.swift; path = MainViewController.swift; sourceTree = "<group>"; };
		71519CB21C25573D006C9658 /* Assets.xcassets */ = {isa = PBXFileReference; lastKnownFileType = folder.assetcatalog; path = Assets.xcassets; sourceTree = "<group>"; };
		71747E331C255D5100C816AD /* User+CoreDataProperties.swift */ = {isa = PBXFileReference; fileEncoding = 4; lastKnownFileType = sourcecode.swift; path = "User+CoreDataProperties.swift"; sourceTree = "<group>"; };
		71747E341C255D5100C816AD /* User.swift */ = {isa = PBXFileReference; fileEncoding = 4; lastKnownFileType = sourcecode.swift; path = User.swift; sourceTree = "<group>"; };
		71747E391C2569E500C816AD /* UserTableViewCell.swift */ = {isa = PBXFileReference; fileEncoding = 4; lastKnownFileType = sourcecode.swift; path = UserTableViewCell.swift; sourceTree = "<group>"; };
		71747E3E1C256CB400C816AD /* Loader.swift */ = {isa = PBXFileReference; fileEncoding = 4; lastKnownFileType = sourcecode.swift; path = Loader.swift; sourceTree = "<group>"; };
		71747E421C25710500C816AD /* RequestManager.swift */ = {isa = PBXFileReference; fileEncoding = 4; lastKnownFileType = sourcecode.swift; path = RequestManager.swift; sourceTree = "<group>"; };
		71810BF21C1F45AE00271DDC /* Github-swivl.app */ = {isa = PBXFileReference; explicitFileType = wrapper.application; includeInIndex = 0; path = "Github-swivl.app"; sourceTree = BUILT_PRODUCTS_DIR; };
		71810BF51C1F45AF00271DDC /* AppDelegate.swift */ = {isa = PBXFileReference; lastKnownFileType = sourcecode.swift; path = AppDelegate.swift; sourceTree = "<group>"; };
		71810BFA1C1F45AF00271DDC /* Base */ = {isa = PBXFileReference; lastKnownFileType = file.storyboard; name = Base; path = Base.lproj/Main.storyboard; sourceTree = "<group>"; };
		71810C021C1F45AF00271DDC /* Base */ = {isa = PBXFileReference; lastKnownFileType = file.storyboard; name = Base; path = Base.lproj/LaunchScreen.storyboard; sourceTree = "<group>"; };
		71810C041C1F45AF00271DDC /* Info.plist */ = {isa = PBXFileReference; lastKnownFileType = text.plist.xml; path = Info.plist; sourceTree = "<group>"; };
		71810C091C1F45AF00271DDC /* Github-swivlTests.xctest */ = {isa = PBXFileReference; explicitFileType = wrapper.cfbundle; includeInIndex = 0; path = "Github-swivlTests.xctest"; sourceTree = BUILT_PRODUCTS_DIR; };
		71810C0D1C1F45AF00271DDC /* Github_swivlTests.swift */ = {isa = PBXFileReference; lastKnownFileType = sourcecode.swift; path = Github_swivlTests.swift; sourceTree = "<group>"; };
		71810C0F1C1F45AF00271DDC /* Info.plist */ = {isa = PBXFileReference; lastKnownFileType = text.plist.xml; path = Info.plist; sourceTree = "<group>"; };
		71C7E4271C258E5600C97B9C /* GithubRouter.swift */ = {isa = PBXFileReference; fileEncoding = 4; lastKnownFileType = sourcecode.swift; path = GithubRouter.swift; sourceTree = "<group>"; };
		71C7E4291C258EFF00C97B9C /* GithubDefinitions.swift */ = {isa = PBXFileReference; fileEncoding = 4; lastKnownFileType = sourcecode.swift; path = GithubDefinitions.swift; sourceTree = "<group>"; };
		71C7E4331C25DF0E00C97B9C /* FRCFactory.swift */ = {isa = PBXFileReference; fileEncoding = 4; lastKnownFileType = sourcecode.swift; path = FRCFactory.swift; sourceTree = "<group>"; };
		71C7E4351C25E16800C97B9C /* DataSourceFactory.swift */ = {isa = PBXFileReference; fileEncoding = 4; lastKnownFileType = sourcecode.swift; path = DataSourceFactory.swift; sourceTree = "<group>"; };
		71C7E4381C25E62900C97B9C /* FRCDataSource.swift */ = {isa = PBXFileReference; fileEncoding = 4; lastKnownFileType = sourcecode.swift; path = FRCDataSource.swift; sourceTree = "<group>"; };
		71C7E43A1C25F30A00C97B9C /* PhotoViewController.swift */ = {isa = PBXFileReference; fileEncoding = 4; lastKnownFileType = sourcecode.swift; path = PhotoViewController.swift; sourceTree = "<group>"; };
		79E05A75AF88931542A4AEBF /* Pods.framework */ = {isa = PBXFileReference; explicitFileType = wrapper.framework; includeInIndex = 0; path = Pods.framework; sourceTree = BUILT_PRODUCTS_DIR; };
		988A933D3C97A4298997B72B /* Pods.release.xcconfig */ = {isa = PBXFileReference; includeInIndex = 1; lastKnownFileType = text.xcconfig; name = Pods.release.xcconfig; path = "Pods/Target Support Files/Pods/Pods.release.xcconfig"; sourceTree = "<group>"; };
/* End PBXFileReference section */

/* Begin PBXFrameworksBuildPhase section */
		71810BEF1C1F45AE00271DDC /* Frameworks */ = {
			isa = PBXFrameworksBuildPhase;
			buildActionMask = 2147483647;
			files = (
				45E7E6E06CFFD863CF63C72B /* Pods.framework in Frameworks */,
			);
			runOnlyForDeploymentPostprocessing = 0;
		};
		71810C061C1F45AF00271DDC /* Frameworks */ = {
			isa = PBXFrameworksBuildPhase;
			buildActionMask = 2147483647;
			files = (
			);
			runOnlyForDeploymentPostprocessing = 0;
		};
/* End PBXFrameworksBuildPhase section */

/* Begin PBXGroup section */
		2080A87422BEEEE437A863B9 /* Pods */ = {
			isa = PBXGroup;
			children = (
				67BD92FFA8EFE3874DEAE18A /* Pods.debug.xcconfig */,
				988A933D3C97A4298997B72B /* Pods.release.xcconfig */,
			);
			name = Pods;
			sourceTree = "<group>";
		};
		71519CAA1C25570A006C9658 /* Model */ = {
			isa = PBXGroup;
			children = (
				71747E331C255D5100C816AD /* User+CoreDataProperties.swift */,
				71747E341C255D5100C816AD /* User.swift */,
				71519CAB1C25570A006C9658 /* Github_swivl.xcdatamodeld */,
			);
			path = Model;
			sourceTree = "<group>";
		};
		71519CAE1C255711006C9658 /* ViewControllers */ = {
			isa = PBXGroup;
			children = (
				71519CAF1C255711006C9658 /* MainViewController.swift */,
				71C7E43A1C25F30A00C97B9C /* PhotoViewController.swift */,
			);
			path = ViewControllers;
			sourceTree = "<group>";
		};
		71519CB11C25573D006C9658 /* Resources */ = {
			isa = PBXGroup;
			children = (
				71519CB21C25573D006C9658 /* Assets.xcassets */,
			);
			path = Resources;
			sourceTree = "<group>";
		};
		71747E371C2569D800C816AD /* View */ = {
			isa = PBXGroup;
			children = (
				71747E381C2569D800C816AD /* Cells */,
			);
			path = View;
			sourceTree = "<group>";
		};
		71747E381C2569D800C816AD /* Cells */ = {
			isa = PBXGroup;
			children = (
				71747E391C2569E500C816AD /* UserTableViewCell.swift */,
			);
			path = Cells;
			sourceTree = "<group>";
		};
		71747E3D1C256CA600C816AD /* Networking */ = {
			isa = PBXGroup;
			children = (
				71747E3E1C256CB400C816AD /* Loader.swift */,
				71747E421C25710500C816AD /* RequestManager.swift */,
				71C7E4271C258E5600C97B9C /* GithubRouter.swift */,
				71C7E4291C258EFF00C97B9C /* GithubDefinitions.swift */,
			);
			path = Networking;
			sourceTree = "<group>";
		};
		71810BE91C1F45AE00271DDC = {
			isa = PBXGroup;
			children = (
				71810BF41C1F45AF00271DDC /* Github-swivl */,
				71810C0C1C1F45AF00271DDC /* Github-swivlTests */,
				71810BF31C1F45AE00271DDC /* Products */,
				2080A87422BEEEE437A863B9 /* Pods */,
				F6A79B52761804DBDA625565 /* Frameworks */,
			);
			sourceTree = "<group>";
		};
		71810BF31C1F45AE00271DDC /* Products */ = {
			isa = PBXGroup;
			children = (
				71810BF21C1F45AE00271DDC /* Github-swivl.app */,
				71810C091C1F45AF00271DDC /* Github-swivlTests.xctest */,
			);
			name = Products;
			sourceTree = "<group>";
		};
		71810BF41C1F45AF00271DDC /* Github-swivl */ = {
			isa = PBXGroup;
			children = (
				71C7E4371C25E61400C97B9C /* DataSources */,
				71C7E42B1C25995D00C97B9C /* Factories */,
				71747E3D1C256CA600C816AD /* Networking */,
				71519CAE1C255711006C9658 /* ViewControllers */,
				71747E371C2569D800C816AD /* View */,
				71519CAA1C25570A006C9658 /* Model */,
				71519CB11C25573D006C9658 /* Resources */,
				71810BF51C1F45AF00271DDC /* AppDelegate.swift */,
				71810BF91C1F45AF00271DDC /* Main.storyboard */,
				71810C011C1F45AF00271DDC /* LaunchScreen.storyboard */,
				71810C041C1F45AF00271DDC /* Info.plist */,
			);
			path = "Github-swivl";
			sourceTree = "<group>";
		};
		71810C0C1C1F45AF00271DDC /* Github-swivlTests */ = {
			isa = PBXGroup;
			children = (
				71810C0D1C1F45AF00271DDC /* Github_swivlTests.swift */,
				71810C0F1C1F45AF00271DDC /* Info.plist */,
			);
			path = "Github-swivlTests";
			sourceTree = "<group>";
		};
		71C7E42B1C25995D00C97B9C /* Factories */ = {
			isa = PBXGroup;
			children = (
				71C7E42D1C25995D00C97B9C /* DataSourceFactories */,
				71C7E42E1C25995D00C97B9C /* FRCFactories */,
			);
			path = Factories;
			sourceTree = "<group>";
		};
		71C7E42D1C25995D00C97B9C /* DataSourceFactories */ = {
			isa = PBXGroup;
			children = (
				71C7E4351C25E16800C97B9C /* DataSourceFactory.swift */,
			);
			path = DataSourceFactories;
			sourceTree = "<group>";
		};
		71C7E42E1C25995D00C97B9C /* FRCFactories */ = {
			isa = PBXGroup;
			children = (
				71C7E4331C25DF0E00C97B9C /* FRCFactory.swift */,
			);
			path = FRCFactories;
			sourceTree = "<group>";
		};
		71C7E4371C25E61400C97B9C /* DataSources */ = {
			isa = PBXGroup;
			children = (
				71C7E4381C25E62900C97B9C /* FRCDataSource.swift */,
			);
			path = DataSources;
			sourceTree = "<group>";
		};
		F6A79B52761804DBDA625565 /* Frameworks */ = {
			isa = PBXGroup;
			children = (
				79E05A75AF88931542A4AEBF /* Pods.framework */,
			);
			name = Frameworks;
			sourceTree = "<group>";
		};
/* End PBXGroup section */

/* Begin PBXNativeTarget section */
		71810BF11C1F45AE00271DDC /* Github-swivl */ = {
			isa = PBXNativeTarget;
			buildConfigurationList = 71810C121C1F45AF00271DDC /* Build configuration list for PBXNativeTarget "Github-swivl" */;
			buildPhases = (
				D927EC94EAE23497DC949AF9 /* Check Pods Manifest.lock */,
				71810BEE1C1F45AE00271DDC /* Sources */,
				71810BEF1C1F45AE00271DDC /* Frameworks */,
				71810BF01C1F45AE00271DDC /* Resources */,
				3DB5FA570760798BB1D05A5E /* Embed Pods Frameworks */,
				5E9517A4BD31FD535AE289CC /* Copy Pods Resources */,
			);
			buildRules = (
			);
			dependencies = (
			);
			name = "Github-swivl";
			productName = "Github-swivl";
			productReference = 71810BF21C1F45AE00271DDC /* Github-swivl.app */;
			productType = "com.apple.product-type.application";
		};
		71810C081C1F45AF00271DDC /* Github-swivlTests */ = {
			isa = PBXNativeTarget;
			buildConfigurationList = 71810C151C1F45AF00271DDC /* Build configuration list for PBXNativeTarget "Github-swivlTests" */;
			buildPhases = (
				71810C051C1F45AF00271DDC /* Sources */,
				71810C061C1F45AF00271DDC /* Frameworks */,
				71810C071C1F45AF00271DDC /* Resources */,
			);
			buildRules = (
			);
			dependencies = (
				71810C0B1C1F45AF00271DDC /* PBXTargetDependency */,
			);
			name = "Github-swivlTests";
			productName = "Github-swivlTests";
			productReference = 71810C091C1F45AF00271DDC /* Github-swivlTests.xctest */;
			productType = "com.apple.product-type.bundle.unit-test";
		};
/* End PBXNativeTarget section */

/* Begin PBXProject section */
		71810BEA1C1F45AE00271DDC /* Project object */ = {
			isa = PBXProject;
			attributes = {
				LastSwiftUpdateCheck = 0710;
				LastUpgradeCheck = 0710;
				ORGANIZATIONNAME = "Nickolay Sheika";
				TargetAttributes = {
					71810BF11C1F45AE00271DDC = {
						CreatedOnToolsVersion = 7.1.1;
					};
					71810C081C1F45AF00271DDC = {
						CreatedOnToolsVersion = 7.1.1;
						TestTargetID = 71810BF11C1F45AE00271DDC;
					};
				};
			};
			buildConfigurationList = 71810BED1C1F45AE00271DDC /* Build configuration list for PBXProject "Github-swivl" */;
			compatibilityVersion = "Xcode 3.2";
			developmentRegion = English;
			hasScannedForEncodings = 0;
			knownRegions = (
				en,
				Base,
			);
			mainGroup = 71810BE91C1F45AE00271DDC;
			productRefGroup = 71810BF31C1F45AE00271DDC /* Products */;
			projectDirPath = "";
			projectRoot = "";
			targets = (
				71810BF11C1F45AE00271DDC /* Github-swivl */,
				71810C081C1F45AF00271DDC /* Github-swivlTests */,
			);
		};
/* End PBXProject section */

/* Begin PBXResourcesBuildPhase section */
		71810BF01C1F45AE00271DDC /* Resources */ = {
			isa = PBXResourcesBuildPhase;
			buildActionMask = 2147483647;
			files = (
				71810C031C1F45AF00271DDC /* LaunchScreen.storyboard in Resources */,
				71519CB31C25573D006C9658 /* Assets.xcassets in Resources */,
				71810BFB1C1F45AF00271DDC /* Main.storyboard in Resources */,
			);
			runOnlyForDeploymentPostprocessing = 0;
		};
		71810C071C1F45AF00271DDC /* Resources */ = {
			isa = PBXResourcesBuildPhase;
			buildActionMask = 2147483647;
			files = (
			);
			runOnlyForDeploymentPostprocessing = 0;
		};
/* End PBXResourcesBuildPhase section */

/* Begin PBXShellScriptBuildPhase section */
		3DB5FA570760798BB1D05A5E /* Embed Pods Frameworks */ = {
			isa = PBXShellScriptBuildPhase;
			buildActionMask = 2147483647;
			files = (
			);
			inputPaths = (
			);
			name = "Embed Pods Frameworks";
			outputPaths = (
			);
			runOnlyForDeploymentPostprocessing = 0;
			shellPath = /bin/sh;
			shellScript = "\"${SRCROOT}/Pods/Target Support Files/Pods/Pods-frameworks.sh\"\n";
			showEnvVarsInLog = 0;
		};
		5E9517A4BD31FD535AE289CC /* Copy Pods Resources */ = {
			isa = PBXShellScriptBuildPhase;
			buildActionMask = 2147483647;
			files = (
			);
			inputPaths = (
			);
			name = "Copy Pods Resources";
			outputPaths = (
			);
			runOnlyForDeploymentPostprocessing = 0;
			shellPath = /bin/sh;
			shellScript = "\"${SRCROOT}/Pods/Target Support Files/Pods/Pods-resources.sh\"\n";
			showEnvVarsInLog = 0;
		};
		D927EC94EAE23497DC949AF9 /* Check Pods Manifest.lock */ = {
			isa = PBXShellScriptBuildPhase;
			buildActionMask = 2147483647;
			files = (
			);
			inputPaths = (
			);
			name = "Check Pods Manifest.lock";
			outputPaths = (
			);
			runOnlyForDeploymentPostprocessing = 0;
			shellPath = /bin/sh;
			shellScript = "diff \"${PODS_ROOT}/../Podfile.lock\" \"${PODS_ROOT}/Manifest.lock\" > /dev/null\nif [[ $? != 0 ]] ; then\n    cat << EOM\nerror: The sandbox is not in sync with the Podfile.lock. Run 'pod install' or update your CocoaPods installation.\nEOM\n    exit 1\nfi\n";
			showEnvVarsInLog = 0;
		};
/* End PBXShellScriptBuildPhase section */

/* Begin PBXSourcesBuildPhase section */
		71810BEE1C1F45AE00271DDC /* Sources */ = {
			isa = PBXSourcesBuildPhase;
			buildActionMask = 2147483647;
			files = (
				71519CB01C255711006C9658 /* MainViewController.swift in Sources */,
				71519CAD1C25570A006C9658 /* Github_swivl.xcdatamodeld in Sources */,
				71C7E4391C25E62900C97B9C /* FRCDataSource.swift in Sources */,
				71747E351C255D5100C816AD /* User+CoreDataProperties.swift in Sources */,
				71747E361C255D5100C816AD /* User.swift in Sources */,
				71747E3F1C256CB400C816AD /* Loader.swift in Sources */,
				71C7E42A1C258EFF00C97B9C /* GithubDefinitions.swift in Sources */,
				71747E431C25710500C816AD /* RequestManager.swift in Sources */,
				71747E3A1C2569E500C816AD /* UserTableViewCell.swift in Sources */,
				71C7E4361C25E16800C97B9C /* DataSourceFactory.swift in Sources */,
				71810BF61C1F45AF00271DDC /* AppDelegate.swift in Sources */,
				71C7E4281C258E5600C97B9C /* GithubRouter.swift in Sources */,
				71C7E4341C25DF0E00C97B9C /* FRCFactory.swift in Sources */,
				71C7E43B1C25F30A00C97B9C /* PhotoViewController.swift in Sources */,
			);
			runOnlyForDeploymentPostprocessing = 0;
		};
		71810C051C1F45AF00271DDC /* Sources */ = {
			isa = PBXSourcesBuildPhase;
			buildActionMask = 2147483647;
			files = (
				71810C0E1C1F45AF00271DDC /* Github_swivlTests.swift in Sources */,
			);
			runOnlyForDeploymentPostprocessing = 0;
		};
/* End PBXSourcesBuildPhase section */

/* Begin PBXTargetDependency section */
		71810C0B1C1F45AF00271DDC /* PBXTargetDependency */ = {
			isa = PBXTargetDependency;
			target = 71810BF11C1F45AE00271DDC /* Github-swivl */;
			targetProxy = 71810C0A1C1F45AF00271DDC /* PBXContainerItemProxy */;
		};
/* End PBXTargetDependency section */

/* Begin PBXVariantGroup section */
		71810BF91C1F45AF00271DDC /* Main.storyboard */ = {
			isa = PBXVariantGroup;
			children = (
				71810BFA1C1F45AF00271DDC /* Base */,
			);
			name = Main.storyboard;
			sourceTree = "<group>";
		};
		71810C011C1F45AF00271DDC /* LaunchScreen.storyboard */ = {
			isa = PBXVariantGroup;
			children = (
				71810C021C1F45AF00271DDC /* Base */,
			);
			name = LaunchScreen.storyboard;
			sourceTree = "<group>";
		};
/* End PBXVariantGroup section */

/* Begin XCBuildConfiguration section */
		71810C101C1F45AF00271DDC /* Debug */ = {
			isa = XCBuildConfiguration;
			buildSettings = {
				ALWAYS_SEARCH_USER_PATHS = NO;
				CLANG_CXX_LANGUAGE_STANDARD = "gnu++0x";
				CLANG_CXX_LIBRARY = "libc++";
				CLANG_ENABLE_MODULES = YES;
				CLANG_ENABLE_OBJC_ARC = YES;
				CLANG_WARN_BOOL_CONVERSION = YES;
				CLANG_WARN_CONSTANT_CONVERSION = YES;
				CLANG_WARN_DIRECT_OBJC_ISA_USAGE = YES_ERROR;
				CLANG_WARN_EMPTY_BODY = YES;
				CLANG_WARN_ENUM_CONVERSION = YES;
				CLANG_WARN_INT_CONVERSION = YES;
				CLANG_WARN_OBJC_ROOT_CLASS = YES_ERROR;
				CLANG_WARN_UNREACHABLE_CODE = YES;
				CLANG_WARN__DUPLICATE_METHOD_MATCH = YES;
				"CODE_SIGN_IDENTITY[sdk=iphoneos*]" = "iPhone Developer";
				COPY_PHASE_STRIP = NO;
				DEBUG_INFORMATION_FORMAT = dwarf;
				ENABLE_STRICT_OBJC_MSGSEND = YES;
				ENABLE_TESTABILITY = YES;
				GCC_C_LANGUAGE_STANDARD = gnu99;
				GCC_DYNAMIC_NO_PIC = NO;
				GCC_NO_COMMON_BLOCKS = YES;
				GCC_OPTIMIZATION_LEVEL = 0;
				GCC_PREPROCESSOR_DEFINITIONS = (
					"DEBUG=1",
					"$(inherited)",
				);
				GCC_WARN_64_TO_32_BIT_CONVERSION = YES;
				GCC_WARN_ABOUT_RETURN_TYPE = YES_ERROR;
				GCC_WARN_UNDECLARED_SELECTOR = YES;
				GCC_WARN_UNINITIALIZED_AUTOS = YES_AGGRESSIVE;
				GCC_WARN_UNUSED_FUNCTION = YES;
				GCC_WARN_UNUSED_VARIABLE = YES;
				IPHONEOS_DEPLOYMENT_TARGET = 9.1;
				MTL_ENABLE_DEBUG_INFO = YES;
				ONLY_ACTIVE_ARCH = YES;
				SDKROOT = iphoneos;
				SWIFT_OPTIMIZATION_LEVEL = "-Onone";
			};
			name = Debug;
		};
		71810C111C1F45AF00271DDC /* Release */ = {
			isa = XCBuildConfiguration;
			buildSettings = {
				ALWAYS_SEARCH_USER_PATHS = NO;
				CLANG_CXX_LANGUAGE_STANDARD = "gnu++0x";
				CLANG_CXX_LIBRARY = "libc++";
				CLANG_ENABLE_MODULES = YES;
				CLANG_ENABLE_OBJC_ARC = YES;
				CLANG_WARN_BOOL_CONVERSION = YES;
				CLANG_WARN_CONSTANT_CONVERSION = YES;
				CLANG_WARN_DIRECT_OBJC_ISA_USAGE = YES_ERROR;
				CLANG_WARN_EMPTY_BODY = YES;
				CLANG_WARN_ENUM_CONVERSION = YES;
				CLANG_WARN_INT_CONVERSION = YES;
				CLANG_WARN_OBJC_ROOT_CLASS = YES_ERROR;
				CLANG_WARN_UNREACHABLE_CODE = YES;
				CLANG_WARN__DUPLICATE_METHOD_MATCH = YES;
				"CODE_SIGN_IDENTITY[sdk=iphoneos*]" = "iPhone Developer";
				COPY_PHASE_STRIP = NO;
				DEBUG_INFORMATION_FORMAT = "dwarf-with-dsym";
				ENABLE_NS_ASSERTIONS = NO;
				ENABLE_STRICT_OBJC_MSGSEND = YES;
				GCC_C_LANGUAGE_STANDARD = gnu99;
				GCC_NO_COMMON_BLOCKS = YES;
				GCC_WARN_64_TO_32_BIT_CONVERSION = YES;
				GCC_WARN_ABOUT_RETURN_TYPE = YES_ERROR;
				GCC_WARN_UNDECLARED_SELECTOR = YES;
				GCC_WARN_UNINITIALIZED_AUTOS = YES_AGGRESSIVE;
				GCC_WARN_UNUSED_FUNCTION = YES;
				GCC_WARN_UNUSED_VARIABLE = YES;
				IPHONEOS_DEPLOYMENT_TARGET = 9.1;
				MTL_ENABLE_DEBUG_INFO = NO;
				SDKROOT = iphoneos;
				VALIDATE_PRODUCT = YES;
			};
			name = Release;
		};
		71810C131C1F45AF00271DDC /* Debug */ = {
			isa = XCBuildConfiguration;
			baseConfigurationReference = 67BD92FFA8EFE3874DEAE18A /* Pods.debug.xcconfig */;
			buildSettings = {
				ASSETCATALOG_COMPILER_APPICON_NAME = AppIcon;
				CODE_SIGN_IDENTITY = "iPhone Developer";
				INFOPLIST_FILE = "Github-swivl/Info.plist";
				IPHONEOS_DEPLOYMENT_TARGET = 8.0;
				LD_RUNPATH_SEARCH_PATHS = "$(inherited) @executable_path/Frameworks";
				PRODUCT_BUNDLE_IDENTIFIER = "com.nickolay.sheika.Github-swivl";
				PRODUCT_NAME = "$(TARGET_NAME)";
			};
			name = Debug;
		};
		71810C141C1F45AF00271DDC /* Release */ = {
			isa = XCBuildConfiguration;
			baseConfigurationReference = 988A933D3C97A4298997B72B /* Pods.release.xcconfig */;
			buildSettings = {
				ASSETCATALOG_COMPILER_APPICON_NAME = AppIcon;
				CODE_SIGN_IDENTITY = "iPhone Developer";
				INFOPLIST_FILE = "Github-swivl/Info.plist";
				IPHONEOS_DEPLOYMENT_TARGET = 8.0;
				LD_RUNPATH_SEARCH_PATHS = "$(inherited) @executable_path/Frameworks";
				PRODUCT_BUNDLE_IDENTIFIER = "com.nickolay.sheika.Github-swivl";
				PRODUCT_NAME = "$(TARGET_NAME)";
			};
			name = Release;
		};
		71810C161C1F45AF00271DDC /* Debug */ = {
			isa = XCBuildConfiguration;
			buildSettings = {
				BUNDLE_LOADER = "$(TEST_HOST)";
				INFOPLIST_FILE = "Github-swivlTests/Info.plist";
				LD_RUNPATH_SEARCH_PATHS = "$(inherited) @executable_path/Frameworks @loader_path/Frameworks";
				PRODUCT_BUNDLE_IDENTIFIER = "com.nickolay.sheika.Github-swivlTests";
				PRODUCT_NAME = "$(TARGET_NAME)";
				TEST_HOST = "$(BUILT_PRODUCTS_DIR)/Github-swivl.app/Github-swivl";
			};
			name = Debug;
		};
		71810C171C1F45AF00271DDC /* Release */ = {
			isa = XCBuildConfiguration;
			buildSettings = {
				BUNDLE_LOADER = "$(TEST_HOST)";
				INFOPLIST_FILE = "Github-swivlTests/Info.plist";
				LD_RUNPATH_SEARCH_PATHS = "$(inherited) @executable_path/Frameworks @loader_path/Frameworks";
				PRODUCT_BUNDLE_IDENTIFIER = "com.nickolay.sheika.Github-swivlTests";
				PRODUCT_NAME = "$(TARGET_NAME)";
				TEST_HOST = "$(BUILT_PRODUCTS_DIR)/Github-swivl.app/Github-swivl";
			};
			name = Release;
		};
/* End XCBuildConfiguration section */

/* Begin XCConfigurationList section */
		71810BED1C1F45AE00271DDC /* Build configuration list for PBXProject "Github-swivl" */ = {
			isa = XCConfigurationList;
			buildConfigurations = (
				71810C101C1F45AF00271DDC /* Debug */,
				71810C111C1F45AF00271DDC /* Release */,
			);
			defaultConfigurationIsVisible = 0;
			defaultConfigurationName = Release;
		};
		71810C121C1F45AF00271DDC /* Build configuration list for PBXNativeTarget "Github-swivl" */ = {
			isa = XCConfigurationList;
			buildConfigurations = (
				71810C131C1F45AF00271DDC /* Debug */,
				71810C141C1F45AF00271DDC /* Release */,
			);
			defaultConfigurationIsVisible = 0;
			defaultConfigurationName = Release;
		};
		71810C151C1F45AF00271DDC /* Build configuration list for PBXNativeTarget "Github-swivlTests" */ = {
			isa = XCConfigurationList;
			buildConfigurations = (
				71810C161C1F45AF00271DDC /* Debug */,
				71810C171C1F45AF00271DDC /* Release */,
			);
			defaultConfigurationIsVisible = 0;
			defaultConfigurationName = Release;
		};
/* End XCConfigurationList section */

/* Begin XCVersionGroup section */
		71519CAB1C25570A006C9658 /* Github_swivl.xcdatamodeld */ = {
			isa = XCVersionGroup;
			children = (
				71519CAC1C25570A006C9658 /* Github_swivl.xcdatamodel */,
			);
			currentVersion = 71519CAC1C25570A006C9658 /* Github_swivl.xcdatamodel */;
			path = Github_swivl.xcdatamodeld;
			sourceTree = "<group>";
			versionGroupType = wrapper.xcdatamodel;
		};
/* End XCVersionGroup section */
	};
	rootObject = 71810BEA1C1F45AE00271DDC /* Project object */;
}
